{
  "meteor": {},
  "dependencies": {
    "basePackages": {
      "accounts-anonymous": {
        "git": "git://github.com/mad-eye/meteor-accounts-anonymous.git",
        "branch": "master"
      },
      "iron-router": {},
      "pince": {},
      "mocha-web": {
        "git": "git://github.com/mad-eye/meteor-mocha-web.git",
        "branch": "meteor-0.6.6"
      }
    },
    "packages": {
      "accounts-anonymous": {
        "git": "git://github.com/mad-eye/meteor-accounts-anonymous.git",
        "branch": "master",
        "commit": "203bdf509c477d76cad104d89e99c2478b1c72d8"
      },
      "iron-router": {
        "git": "https://github.com/EventedMind/iron-router.git",
        "tag": "v0.6.4",
        "commit": "927bbaed1b87894fb6fb70807f74ff3a5bd89f29"
      },
      "pince": {
        "git": "https://github.com/mad-eye/pince.git",
        "tag": "v0.0.5",
        "commit": "4524ecc0bdf043c49dc62e91bbd8a99c661081ed"
      },
      "mocha-web": {
        "git": "git://github.com/mad-eye/meteor-mocha-web.git",
        "branch": "meteor-0.6.6",
        "commit": "58e6a035b74063b2ada67f572c9188e714a82daf"
      }
    }
  }
}
