{
  "meteor": {
    "git": "git://github.com/meteor/meteor.git",
    "tag": "release/0.6.4",
    "commit": "20a1f88993279b8bdc9550b67e40fe06534b00e4"
  },
  "dependencies": {
    "basePackages": {
      "HTML5-History-API": {},
      "router": {},
      "meteor-mocha-web": {
        "git": "git://github.com/mad-eye/meteor-mocha-web.git",
        "branch": "master"
      },
      "accounts-anonymous": {
        "git": "git://github.com/rissem/meteor-accounts-anonymous.git",
        "branch": "master"
      }
    },
    "packages": {
      "HTML5-History-API": {
        "git": "https://github.com/tmeasday/meteor-HTML5-History-API.git",
        "tag": "v4.0.0",
        "commit": "dc4965f1424cfca625ec3fbea17eace03f8e32c5"
      },
      "router": {
        "git": "https://github.com/tmeasday/meteor-router.git",
        "tag": "v0.5.1",
        "commit": "32e377c7703bb119acccc859fc7296882903cbe7"
      },
      "meteor-mocha-web": {
        "git": "git://github.com/mad-eye/meteor-mocha-web.git",
        "branch": "master",
        "commit": "17685adf244acc12693d721f85e73cdd18e70e97"
      },
      "accounts-anonymous": {
        "git": "git://github.com/rissem/meteor-accounts-anonymous.git",
        "branch": "master",
        "commit": "36f94a7909b0a09e4eb6782bdc316ced96eb4ca4"
      },
      "page-js-ie-support": {
        "git": "https://github.com/tmeasday/meteor-page-js-ie-support.git",
        "tag": "v1.3.5",
        "commit": "b99ed8380aefd10b2afc8f18d9eed4dd0d8ea9cb"
      }
    }
  }
}
