{
  "meteor": {},
  "dependencies": {
    "basePackages": {
      "accounts-anonymous": {
        "git": "git://github.com/mad-eye/meteor-accounts-anonymous.git",
        "branch": "master"
      },
      "iron-router": {},
      "mocha-web": {
        "git": "git://github.com/mad-eye/meteor-mocha-web.git",
        "branch": "meteor-0.6.6"
      }
    },
    "packages": {
      "accounts-anonymous": {
        "git": "git://github.com/mad-eye/meteor-accounts-anonymous.git",
        "branch": "master",
        "commit": "e3dbbe682dd12321a5b0b5ea66a93d8d5fde7326"
      },
      "iron-router": {
        "git": "https://github.com/EventedMind/iron-router.git",
        "tag": "v0.6.1",
        "commit": "4e1ee0581d68bff422a915dacb0bd30eae10fe08"
      },
      "mocha-web": {
        "git": "git://github.com/mad-eye/meteor-mocha-web.git",
        "branch": "meteor-0.6.6",
        "commit": "58e6a035b74063b2ada67f572c9188e714a82daf"
      }
    }
  }
}
